// !$*UTF8*$!
{
	archiveVersion = 1;
	classes = {
	};
	objectVersion = 52;
	objects = {

/* Begin PBXBuildFile section */
		A81619BE261344930005572A /* HomeViewModel.swift in Sources */ = {isa = PBXBuildFile; fileRef = A81619BD261344930005572A /* HomeViewModel.swift */; };
		A81619DB261344B40005572A /* ServerRequest.swift in Sources */ = {isa = PBXBuildFile; fileRef = A81619CF261344B40005572A /* ServerRequest.swift */; };
		A81619DC261344B40005572A /* CodableHandler.swift in Sources */ = {isa = PBXBuildFile; fileRef = A81619D0261344B40005572A /* CodableHandler.swift */; };
		A81619FB261345B70005572A /* Alamofire in Frameworks */ = {isa = PBXBuildFile; productRef = A81619FA261345B70005572A /* Alamofire */; };
		A8161A01261345EC0005572A /* SwiftyJSON in Frameworks */ = {isa = PBXBuildFile; productRef = A8161A00261345EC0005572A /* SwiftyJSON */; };
		A8161A14261458220005572A /* AnalysisServices.swift in Sources */ = {isa = PBXBuildFile; fileRef = A8161A13261458220005572A /* AnalysisServices.swift */; };
		A8161A1A261458740005572A /* Recipe.swift in Sources */ = {isa = PBXBuildFile; fileRef = A8161A19261458740005572A /* Recipe.swift */; };
		A8161A46261478990005572A /* SummaryDetailsViewController.swift in Sources */ = {isa = PBXBuildFile; fileRef = A8161A45261478990005572A /* SummaryDetailsViewController.swift */; };
		A8161A5026147B130005572A /* SummaryTableViewCell.swift in Sources */ = {isa = PBXBuildFile; fileRef = A8161A4E26147B130005572A /* SummaryTableViewCell.swift */; };
		A8161A5126147B130005572A /* SummaryTableViewCell.xib in Resources */ = {isa = PBXBuildFile; fileRef = A8161A4F26147B130005572A /* SummaryTableViewCell.xib */; };
		A8161A5F2614A6940005572A /* NutrientsTableViewCell.swift in Sources */ = {isa = PBXBuildFile; fileRef = A8161A5D2614A6940005572A /* NutrientsTableViewCell.swift */; };
		A8161A602614A6940005572A /* NutrientsTableViewCell.xib in Resources */ = {isa = PBXBuildFile; fileRef = A8161A5E2614A6940005572A /* NutrientsTableViewCell.xib */; };
		A8161A992614D9EC0005572A /* ReactiveExtensiones.swift in Sources */ = {isa = PBXBuildFile; fileRef = A8161A982614D9EC0005572A /* ReactiveExtensiones.swift */; };
		A8161A9F2614DD670005572A /* NVActivityIndicatorView in Frameworks */ = {isa = PBXBuildFile; productRef = A8161A9E2614DD670005572A /* NVActivityIndicatorView */; };
		A8161AA72614E4210005572A /* SummaryViewModel.swift in Sources */ = {isa = PBXBuildFile; fileRef = A8161AA62614E4210005572A /* SummaryViewModel.swift */; };
		A8161AB52615AFDB0005572A /* CellViewModel.swift in Sources */ = {isa = PBXBuildFile; fileRef = A8161AB42615AFDB0005572A /* CellViewModel.swift */; };
		A8161AC82618792C0005572A /* RxSwift in Frameworks */ = {isa = PBXBuildFile; productRef = A8161AC72618792C0005572A /* RxSwift */; };
		A8161ACA2618792C0005572A /* RxRelay in Frameworks */ = {isa = PBXBuildFile; productRef = A8161AC92618792C0005572A /* RxRelay */; };
		A8161ACC2618792C0005572A /* RxCocoa in Frameworks */ = {isa = PBXBuildFile; productRef = A8161ACB2618792C0005572A /* RxCocoa */; };
		A8161ADC261889C00005572A /* StringExtension.swift in Sources */ = {isa = PBXBuildFile; fileRef = A8161ADB261889C00005572A /* StringExtension.swift */; };
		A8161AF22618A76A0005572A /* SummaryViewModelTests.swift in Sources */ = {isa = PBXBuildFile; fileRef = A8161AF12618A76A0005572A /* SummaryViewModelTests.swift */; };
		A8161AFA2618ACDE0005572A /* StringExtensionTests.swift in Sources */ = {isa = PBXBuildFile; fileRef = A8161AF92618ACDE0005572A /* StringExtensionTests.swift */; };
		A85F514426132BFC00634887 /* AppDelegate.swift in Sources */ = {isa = PBXBuildFile; fileRef = A85F514326132BFC00634887 /* AppDelegate.swift */; };
		A85F514626132BFC00634887 /* SceneDelegate.swift in Sources */ = {isa = PBXBuildFile; fileRef = A85F514526132BFC00634887 /* SceneDelegate.swift */; };
		A85F514B26132BFC00634887 /* Main.storyboard in Resources */ = {isa = PBXBuildFile; fileRef = A85F514926132BFC00634887 /* Main.storyboard */; };
		A85F514D26132BFD00634887 /* Assets.xcassets in Resources */ = {isa = PBXBuildFile; fileRef = A85F514C26132BFD00634887 /* Assets.xcassets */; };
		A85F515026132BFD00634887 /* LaunchScreen.storyboard in Resources */ = {isa = PBXBuildFile; fileRef = A85F514E26132BFD00634887 /* LaunchScreen.storyboard */; };
		A85F515B26132BFD00634887 /* Nutrition_AnalysisTests.swift in Sources */ = {isa = PBXBuildFile; fileRef = A85F515A26132BFD00634887 /* Nutrition_AnalysisTests.swift */; };
		A85F516626132BFD00634887 /* Nutrition_AnalysisUITests.swift in Sources */ = {isa = PBXBuildFile; fileRef = A85F516526132BFD00634887 /* Nutrition_AnalysisUITests.swift */; };
		A85F517826132C7200634887 /* Config.plist in Resources */ = {isa = PBXBuildFile; fileRef = A85F517726132C7200634887 /* Config.plist */; };
		A85F517D26132CCF00634887 /* Configure.swift in Sources */ = {isa = PBXBuildFile; fileRef = A85F517C26132CCF00634887 /* Configure.swift */; };
		A85F51842613306300634887 /* HomeViewController.swift in Sources */ = {isa = PBXBuildFile; fileRef = A85F51832613306300634887 /* HomeViewController.swift */; };
		A85F51AA261331F700634887 /* UIViewInspectable.swift in Sources */ = {isa = PBXBuildFile; fileRef = A85F5197261331F700634887 /* UIViewInspectable.swift */; };
/* End PBXBuildFile section */

/* Begin PBXContainerItemProxy section */
		A85F515726132BFD00634887 /* PBXContainerItemProxy */ = {
			isa = PBXContainerItemProxy;
			containerPortal = A85F513826132BFC00634887 /* Project object */;
			proxyType = 1;
			remoteGlobalIDString = A85F513F26132BFC00634887;
			remoteInfo = "Nutrition Analysis";
		};
		A85F516226132BFD00634887 /* PBXContainerItemProxy */ = {
			isa = PBXContainerItemProxy;
			containerPortal = A85F513826132BFC00634887 /* Project object */;
			proxyType = 1;
			remoteGlobalIDString = A85F513F26132BFC00634887;
			remoteInfo = "Nutrition Analysis";
		};
/* End PBXContainerItemProxy section */

/* Begin PBXFileReference section */
		A81619BD261344930005572A /* HomeViewModel.swift */ = {isa = PBXFileReference; lastKnownFileType = sourcecode.swift; path = HomeViewModel.swift; sourceTree = "<group>"; };
		A81619CF261344B40005572A /* ServerRequest.swift */ = {isa = PBXFileReference; fileEncoding = 4; lastKnownFileType = sourcecode.swift; path = ServerRequest.swift; sourceTree = "<group>"; };
		A81619D0261344B40005572A /* CodableHandler.swift */ = {isa = PBXFileReference; fileEncoding = 4; lastKnownFileType = sourcecode.swift; path = CodableHandler.swift; sourceTree = "<group>"; };
		A8161A13261458220005572A /* AnalysisServices.swift */ = {isa = PBXFileReference; lastKnownFileType = sourcecode.swift; path = AnalysisServices.swift; sourceTree = "<group>"; };
		A8161A19261458740005572A /* Recipe.swift */ = {isa = PBXFileReference; lastKnownFileType = sourcecode.swift; path = Recipe.swift; sourceTree = "<group>"; };
		A8161A45261478990005572A /* SummaryDetailsViewController.swift */ = {isa = PBXFileReference; lastKnownFileType = sourcecode.swift; path = SummaryDetailsViewController.swift; sourceTree = "<group>"; };
		A8161A4E26147B130005572A /* SummaryTableViewCell.swift */ = {isa = PBXFileReference; lastKnownFileType = sourcecode.swift; path = SummaryTableViewCell.swift; sourceTree = "<group>"; };
		A8161A4F26147B130005572A /* SummaryTableViewCell.xib */ = {isa = PBXFileReference; lastKnownFileType = file.xib; path = SummaryTableViewCell.xib; sourceTree = "<group>"; };
		A8161A5D2614A6940005572A /* NutrientsTableViewCell.swift */ = {isa = PBXFileReference; lastKnownFileType = sourcecode.swift; path = NutrientsTableViewCell.swift; sourceTree = "<group>"; };
		A8161A5E2614A6940005572A /* NutrientsTableViewCell.xib */ = {isa = PBXFileReference; lastKnownFileType = file.xib; path = NutrientsTableViewCell.xib; sourceTree = "<group>"; };
		A8161A982614D9EC0005572A /* ReactiveExtensiones.swift */ = {isa = PBXFileReference; fileEncoding = 4; lastKnownFileType = sourcecode.swift; path = ReactiveExtensiones.swift; sourceTree = "<group>"; };
		A8161AA62614E4210005572A /* SummaryViewModel.swift */ = {isa = PBXFileReference; lastKnownFileType = sourcecode.swift; path = SummaryViewModel.swift; sourceTree = "<group>"; };
		A8161AB42615AFDB0005572A /* CellViewModel.swift */ = {isa = PBXFileReference; lastKnownFileType = sourcecode.swift; path = CellViewModel.swift; sourceTree = "<group>"; };
		A8161ADB261889C00005572A /* StringExtension.swift */ = {isa = PBXFileReference; lastKnownFileType = sourcecode.swift; path = StringExtension.swift; sourceTree = "<group>"; };
		A8161AF12618A76A0005572A /* SummaryViewModelTests.swift */ = {isa = PBXFileReference; lastKnownFileType = sourcecode.swift; path = SummaryViewModelTests.swift; sourceTree = "<group>"; };
		A8161AF92618ACDE0005572A /* StringExtensionTests.swift */ = {isa = PBXFileReference; lastKnownFileType = sourcecode.swift; path = StringExtensionTests.swift; sourceTree = "<group>"; };
		A85F514026132BFC00634887 /* Nutrition Analysis.app */ = {isa = PBXFileReference; explicitFileType = wrapper.application; includeInIndex = 0; path = "Nutrition Analysis.app"; sourceTree = BUILT_PRODUCTS_DIR; };
		A85F514326132BFC00634887 /* AppDelegate.swift */ = {isa = PBXFileReference; lastKnownFileType = sourcecode.swift; path = AppDelegate.swift; sourceTree = "<group>"; };
		A85F514526132BFC00634887 /* SceneDelegate.swift */ = {isa = PBXFileReference; lastKnownFileType = sourcecode.swift; path = SceneDelegate.swift; sourceTree = "<group>"; };
		A85F514A26132BFC00634887 /* Base */ = {isa = PBXFileReference; lastKnownFileType = file.storyboard; name = Base; path = Base.lproj/Main.storyboard; sourceTree = "<group>"; };
		A85F514C26132BFD00634887 /* Assets.xcassets */ = {isa = PBXFileReference; lastKnownFileType = folder.assetcatalog; path = Assets.xcassets; sourceTree = "<group>"; };
		A85F514F26132BFD00634887 /* Base */ = {isa = PBXFileReference; lastKnownFileType = file.storyboard; name = Base; path = Base.lproj/LaunchScreen.storyboard; sourceTree = "<group>"; };
		A85F515126132BFD00634887 /* Info.plist */ = {isa = PBXFileReference; lastKnownFileType = text.plist.xml; path = Info.plist; sourceTree = "<group>"; };
		A85F515626132BFD00634887 /* Nutrition AnalysisTests.xctest */ = {isa = PBXFileReference; explicitFileType = wrapper.cfbundle; includeInIndex = 0; path = "Nutrition AnalysisTests.xctest"; sourceTree = BUILT_PRODUCTS_DIR; };
		A85F515A26132BFD00634887 /* Nutrition_AnalysisTests.swift */ = {isa = PBXFileReference; lastKnownFileType = sourcecode.swift; path = Nutrition_AnalysisTests.swift; sourceTree = "<group>"; };
		A85F515C26132BFD00634887 /* Info.plist */ = {isa = PBXFileReference; lastKnownFileType = text.plist.xml; path = Info.plist; sourceTree = "<group>"; };
		A85F516126132BFD00634887 /* Nutrition AnalysisUITests.xctest */ = {isa = PBXFileReference; explicitFileType = wrapper.cfbundle; includeInIndex = 0; path = "Nutrition AnalysisUITests.xctest"; sourceTree = BUILT_PRODUCTS_DIR; };
		A85F516526132BFD00634887 /* Nutrition_AnalysisUITests.swift */ = {isa = PBXFileReference; lastKnownFileType = sourcecode.swift; path = Nutrition_AnalysisUITests.swift; sourceTree = "<group>"; };
		A85F516726132BFD00634887 /* Info.plist */ = {isa = PBXFileReference; lastKnownFileType = text.plist.xml; path = Info.plist; sourceTree = "<group>"; };
		A85F517726132C7200634887 /* Config.plist */ = {isa = PBXFileReference; lastKnownFileType = text.plist.xml; path = Config.plist; sourceTree = "<group>"; };
		A85F517C26132CCF00634887 /* Configure.swift */ = {isa = PBXFileReference; lastKnownFileType = sourcecode.swift; path = Configure.swift; sourceTree = "<group>"; };
		A85F51832613306300634887 /* HomeViewController.swift */ = {isa = PBXFileReference; lastKnownFileType = sourcecode.swift; path = HomeViewController.swift; sourceTree = "<group>"; };
		A85F5197261331F700634887 /* UIViewInspectable.swift */ = {isa = PBXFileReference; fileEncoding = 4; lastKnownFileType = sourcecode.swift; path = UIViewInspectable.swift; sourceTree = "<group>"; };
/* End PBXFileReference section */

/* Begin PBXFrameworksBuildPhase section */
		A85F513D26132BFC00634887 /* Frameworks */ = {
			isa = PBXFrameworksBuildPhase;
			buildActionMask = 2147483647;
			files = (
				A8161ACC2618792C0005572A /* RxCocoa in Frameworks */,
				A8161ACA2618792C0005572A /* RxRelay in Frameworks */,
				A8161A9F2614DD670005572A /* NVActivityIndicatorView in Frameworks */,
				A8161A01261345EC0005572A /* SwiftyJSON in Frameworks */,
				A8161AC82618792C0005572A /* RxSwift in Frameworks */,
				A81619FB261345B70005572A /* Alamofire in Frameworks */,
			);
			runOnlyForDeploymentPostprocessing = 0;
		};
		A85F515326132BFD00634887 /* Frameworks */ = {
			isa = PBXFrameworksBuildPhase;
			buildActionMask = 2147483647;
			files = (
			);
			runOnlyForDeploymentPostprocessing = 0;
		};
		A85F515E26132BFD00634887 /* Frameworks */ = {
			isa = PBXFrameworksBuildPhase;
			buildActionMask = 2147483647;
			files = (
			);
			runOnlyForDeploymentPostprocessing = 0;
		};
/* End PBXFrameworksBuildPhase section */

/* Begin PBXGroup section */
		A81619C2261344B40005572A /* Network */ = {
			isa = PBXGroup;
			children = (
				A81619CF261344B40005572A /* ServerRequest.swift */,
				A81619D0261344B40005572A /* CodableHandler.swift */,
				A8161AE026189E670005572A /* Repositories */,
			);
			path = Network;
			sourceTree = "<group>";
		};
		A8161A18261458430005572A /* Models */ = {
			isa = PBXGroup;
			children = (
				A8161A19261458740005572A /* Recipe.swift */,
				A8161AB42615AFDB0005572A /* CellViewModel.swift */,
			);
			path = Models;
			sourceTree = "<group>";
		};
		A8161A27261473EE0005572A /* SummaryDetails */ = {
			isa = PBXGroup;
			children = (
				A8161A45261478990005572A /* SummaryDetailsViewController.swift */,
				A8161AA62614E4210005572A /* SummaryViewModel.swift */,
				A8161A4A26147A6F0005572A /* SummaryCellsView */,
			);
			path = SummaryDetails;
			sourceTree = "<group>";
		};
		A8161A4A26147A6F0005572A /* SummaryCellsView */ = {
			isa = PBXGroup;
			children = (
				A8161A4E26147B130005572A /* SummaryTableViewCell.swift */,
				A8161A4F26147B130005572A /* SummaryTableViewCell.xib */,
				A8161A5D2614A6940005572A /* NutrientsTableViewCell.swift */,
				A8161A5E2614A6940005572A /* NutrientsTableViewCell.xib */,
			);
			path = SummaryCellsView;
			sourceTree = "<group>";
		};
		A8161AE026189E670005572A /* Repositories */ = {
			isa = PBXGroup;
			children = (
				A8161A13261458220005572A /* AnalysisServices.swift */,
			);
			path = Repositories;
			sourceTree = "<group>";
		};
		A8161AF02618A7500005572A /* Models */ = {
			isa = PBXGroup;
			children = (
				A8161AF12618A76A0005572A /* SummaryViewModelTests.swift */,
			);
			path = Models;
			sourceTree = "<group>";
		};
		A85F513726132BFC00634887 = {
			isa = PBXGroup;
			children = (
				A85F514226132BFC00634887 /* Nutrition Analysis */,
				A85F515926132BFD00634887 /* Nutrition AnalysisTests */,
				A85F516426132BFD00634887 /* Nutrition AnalysisUITests */,
				A85F514126132BFC00634887 /* Products */,
			);
			sourceTree = "<group>";
		};
		A85F514126132BFC00634887 /* Products */ = {
			isa = PBXGroup;
			children = (
				A85F514026132BFC00634887 /* Nutrition Analysis.app */,
				A85F515626132BFD00634887 /* Nutrition AnalysisTests.xctest */,
				A85F516126132BFD00634887 /* Nutrition AnalysisUITests.xctest */,
			);
			name = Products;
			sourceTree = "<group>";
		};
		A85F514226132BFC00634887 /* Nutrition Analysis */ = {
			isa = PBXGroup;
			children = (
				A81619C2261344B40005572A /* Network */,
				A85F5192261331F700634887 /* Extensions */,
				A85F51812613304100634887 /* Modules */,
				A85F514326132BFC00634887 /* AppDelegate.swift */,
				A85F514526132BFC00634887 /* SceneDelegate.swift */,
				A85F514926132BFC00634887 /* Main.storyboard */,
				A85F514C26132BFD00634887 /* Assets.xcassets */,
				A85F514E26132BFD00634887 /* LaunchScreen.storyboard */,
				A85F515126132BFD00634887 /* Info.plist */,
			);
			path = "Nutrition Analysis";
			sourceTree = "<group>";
		};
		A85F515926132BFD00634887 /* Nutrition AnalysisTests */ = {
			isa = PBXGroup;
			children = (
				A8161AF02618A7500005572A /* Models */,
				A85F515A26132BFD00634887 /* Nutrition_AnalysisTests.swift */,
				A8161AF92618ACDE0005572A /* StringExtensionTests.swift */,
				A85F515C26132BFD00634887 /* Info.plist */,
			);
			path = "Nutrition AnalysisTests";
			sourceTree = "<group>";
		};
		A85F516426132BFD00634887 /* Nutrition AnalysisUITests */ = {
			isa = PBXGroup;
			children = (
				A85F516526132BFD00634887 /* Nutrition_AnalysisUITests.swift */,
				A85F516726132BFD00634887 /* Info.plist */,
			);
			path = "Nutrition AnalysisUITests";
			sourceTree = "<group>";
		};
		A85F517626132C2600634887 /* Comman */ = {
			isa = PBXGroup;
			children = (
				A85F517726132C7200634887 /* Config.plist */,
				A85F517C26132CCF00634887 /* Configure.swift */,
			);
			path = Comman;
			sourceTree = "<group>";
		};
		A85F51812613304100634887 /* Modules */ = {
			isa = PBXGroup;
			children = (
				A8161A18261458430005572A /* Models */,
				A85F517626132C2600634887 /* Comman */,
				A85F51822613304B00634887 /* Home */,
				A8161A27261473EE0005572A /* SummaryDetails */,
			);
			path = Modules;
			sourceTree = "<group>";
		};
		A85F51822613304B00634887 /* Home */ = {
			isa = PBXGroup;
			children = (
				A85F51832613306300634887 /* HomeViewController.swift */,
				A81619BD261344930005572A /* HomeViewModel.swift */,
			);
			path = Home;
			sourceTree = "<group>";
		};
		A85F5192261331F700634887 /* Extensions */ = {
			isa = PBXGroup;
			children = (
				A85F5197261331F700634887 /* UIViewInspectable.swift */,
				A8161A982614D9EC0005572A /* ReactiveExtensiones.swift */,
				A8161ADB261889C00005572A /* StringExtension.swift */,
			);
			path = Extensions;
			sourceTree = "<group>";
		};
/* End PBXGroup section */

/* Begin PBXNativeTarget section */
		A85F513F26132BFC00634887 /* Nutrition Analysis */ = {
			isa = PBXNativeTarget;
			buildConfigurationList = A85F516A26132BFD00634887 /* Build configuration list for PBXNativeTarget "Nutrition Analysis" */;
			buildPhases = (
				A85F513C26132BFC00634887 /* Sources */,
				A85F513D26132BFC00634887 /* Frameworks */,
				A85F513E26132BFC00634887 /* Resources */,
			);
			buildRules = (
			);
			dependencies = (
			);
			name = "Nutrition Analysis";
			packageProductDependencies = (
				A81619FA261345B70005572A /* Alamofire */,
				A8161A00261345EC0005572A /* SwiftyJSON */,
				A8161A9E2614DD670005572A /* NVActivityIndicatorView */,
				A8161AC72618792C0005572A /* RxSwift */,
				A8161AC92618792C0005572A /* RxRelay */,
				A8161ACB2618792C0005572A /* RxCocoa */,
			);
			productName = "Nutrition Analysis";
			productReference = A85F514026132BFC00634887 /* Nutrition Analysis.app */;
			productType = "com.apple.product-type.application";
		};
		A85F515526132BFD00634887 /* Nutrition AnalysisTests */ = {
			isa = PBXNativeTarget;
			buildConfigurationList = A85F516D26132BFD00634887 /* Build configuration list for PBXNativeTarget "Nutrition AnalysisTests" */;
			buildPhases = (
				A85F515226132BFD00634887 /* Sources */,
				A85F515326132BFD00634887 /* Frameworks */,
				A85F515426132BFD00634887 /* Resources */,
			);
			buildRules = (
			);
			dependencies = (
				A85F515826132BFD00634887 /* PBXTargetDependency */,
			);
			name = "Nutrition AnalysisTests";
			productName = "Nutrition AnalysisTests";
			productReference = A85F515626132BFD00634887 /* Nutrition AnalysisTests.xctest */;
			productType = "com.apple.product-type.bundle.unit-test";
		};
		A85F516026132BFD00634887 /* Nutrition AnalysisUITests */ = {
			isa = PBXNativeTarget;
			buildConfigurationList = A85F517026132BFD00634887 /* Build configuration list for PBXNativeTarget "Nutrition AnalysisUITests" */;
			buildPhases = (
				A85F515D26132BFD00634887 /* Sources */,
				A85F515E26132BFD00634887 /* Frameworks */,
				A85F515F26132BFD00634887 /* Resources */,
			);
			buildRules = (
			);
			dependencies = (
				A85F516326132BFD00634887 /* PBXTargetDependency */,
			);
			name = "Nutrition AnalysisUITests";
			productName = "Nutrition AnalysisUITests";
			productReference = A85F516126132BFD00634887 /* Nutrition AnalysisUITests.xctest */;
			productType = "com.apple.product-type.bundle.ui-testing";
		};
/* End PBXNativeTarget section */

/* Begin PBXProject section */
		A85F513826132BFC00634887 /* Project object */ = {
			isa = PBXProject;
			attributes = {
				LastSwiftUpdateCheck = 1220;
				LastUpgradeCheck = 1220;
				TargetAttributes = {
					A85F513F26132BFC00634887 = {
						CreatedOnToolsVersion = 12.2;
					};
					A85F515526132BFD00634887 = {
						CreatedOnToolsVersion = 12.2;
						TestTargetID = A85F513F26132BFC00634887;
					};
					A85F516026132BFD00634887 = {
						CreatedOnToolsVersion = 12.2;
						TestTargetID = A85F513F26132BFC00634887;
					};
				};
			};
			buildConfigurationList = A85F513B26132BFC00634887 /* Build configuration list for PBXProject "Nutrition Analysis" */;
			compatibilityVersion = "Xcode 9.3";
			developmentRegion = en;
			hasScannedForEncodings = 0;
			knownRegions = (
				en,
				Base,
			);
			mainGroup = A85F513726132BFC00634887;
			packageReferences = (
				A81619F9261345B70005572A /* XCRemoteSwiftPackageReference "Alamofire" */,
				A81619FF261345EC0005572A /* XCRemoteSwiftPackageReference "SwiftyJSON" */,
				A8161A9D2614DD670005572A /* XCRemoteSwiftPackageReference "NVActivityIndicatorView" */,
				A8161AC62618792C0005572A /* XCRemoteSwiftPackageReference "RxSwift" */,
			);
			productRefGroup = A85F514126132BFC00634887 /* Products */;
			projectDirPath = "";
			projectRoot = "";
			targets = (
				A85F513F26132BFC00634887 /* Nutrition Analysis */,
				A85F515526132BFD00634887 /* Nutrition AnalysisTests */,
				A85F516026132BFD00634887 /* Nutrition AnalysisUITests */,
			);
		};
/* End PBXProject section */

/* Begin PBXResourcesBuildPhase section */
		A85F513E26132BFC00634887 /* Resources */ = {
			isa = PBXResourcesBuildPhase;
			buildActionMask = 2147483647;
			files = (
				A85F517826132C7200634887 /* Config.plist in Resources */,
				A85F515026132BFD00634887 /* LaunchScreen.storyboard in Resources */,
				A8161A602614A6940005572A /* NutrientsTableViewCell.xib in Resources */,
				A8161A5126147B130005572A /* SummaryTableViewCell.xib in Resources */,
				A85F514D26132BFD00634887 /* Assets.xcassets in Resources */,
				A85F514B26132BFC00634887 /* Main.storyboard in Resources */,
			);
			runOnlyForDeploymentPostprocessing = 0;
		};
		A85F515426132BFD00634887 /* Resources */ = {
			isa = PBXResourcesBuildPhase;
			buildActionMask = 2147483647;
			files = (
			);
			runOnlyForDeploymentPostprocessing = 0;
		};
		A85F515F26132BFD00634887 /* Resources */ = {
			isa = PBXResourcesBuildPhase;
			buildActionMask = 2147483647;
			files = (
			);
			runOnlyForDeploymentPostprocessing = 0;
		};
/* End PBXResourcesBuildPhase section */

/* Begin PBXSourcesBuildPhase section */
		A85F513C26132BFC00634887 /* Sources */ = {
			isa = PBXSourcesBuildPhase;
			buildActionMask = 2147483647;
			files = (
				A81619DB261344B40005572A /* ServerRequest.swift in Sources */,
				A85F51AA261331F700634887 /* UIViewInspectable.swift in Sources */,
				A81619BE261344930005572A /* HomeViewModel.swift in Sources */,
				A85F51842613306300634887 /* HomeViewController.swift in Sources */,
				A81619DC261344B40005572A /* CodableHandler.swift in Sources */,
				A8161A5F2614A6940005572A /* NutrientsTableViewCell.swift in Sources */,
				A85F517D26132CCF00634887 /* Configure.swift in Sources */,
				A8161A992614D9EC0005572A /* ReactiveExtensiones.swift in Sources */,
				A85F514426132BFC00634887 /* AppDelegate.swift in Sources */,
				A8161A46261478990005572A /* SummaryDetailsViewController.swift in Sources */,
				A8161AA72614E4210005572A /* SummaryViewModel.swift in Sources */,
				A8161A14261458220005572A /* AnalysisServices.swift in Sources */,
				A8161A5026147B130005572A /* SummaryTableViewCell.swift in Sources */,
				A8161ADC261889C00005572A /* StringExtension.swift in Sources */,
				A85F514626132BFC00634887 /* SceneDelegate.swift in Sources */,
				A8161A1A261458740005572A /* Recipe.swift in Sources */,
				A8161AB52615AFDB0005572A /* CellViewModel.swift in Sources */,
			);
			runOnlyForDeploymentPostprocessing = 0;
		};
		A85F515226132BFD00634887 /* Sources */ = {
			isa = PBXSourcesBuildPhase;
			buildActionMask = 2147483647;
			files = (
				A85F515B26132BFD00634887 /* Nutrition_AnalysisTests.swift in Sources */,
				A8161AFA2618ACDE0005572A /* StringExtensionTests.swift in Sources */,
				A8161AF22618A76A0005572A /* SummaryViewModelTests.swift in Sources */,
			);
			runOnlyForDeploymentPostprocessing = 0;
		};
		A85F515D26132BFD00634887 /* Sources */ = {
			isa = PBXSourcesBuildPhase;
			buildActionMask = 2147483647;
			files = (
				A85F516626132BFD00634887 /* Nutrition_AnalysisUITests.swift in Sources */,
			);
			runOnlyForDeploymentPostprocessing = 0;
		};
/* End PBXSourcesBuildPhase section */

/* Begin PBXTargetDependency section */
		A85F515826132BFD00634887 /* PBXTargetDependency */ = {
			isa = PBXTargetDependency;
			target = A85F513F26132BFC00634887 /* Nutrition Analysis */;
			targetProxy = A85F515726132BFD00634887 /* PBXContainerItemProxy */;
		};
		A85F516326132BFD00634887 /* PBXTargetDependency */ = {
			isa = PBXTargetDependency;
			target = A85F513F26132BFC00634887 /* Nutrition Analysis */;
			targetProxy = A85F516226132BFD00634887 /* PBXContainerItemProxy */;
		};
/* End PBXTargetDependency section */

/* Begin PBXVariantGroup section */
		A85F514926132BFC00634887 /* Main.storyboard */ = {
			isa = PBXVariantGroup;
			children = (
				A85F514A26132BFC00634887 /* Base */,
			);
			name = Main.storyboard;
			sourceTree = "<group>";
		};
		A85F514E26132BFD00634887 /* LaunchScreen.storyboard */ = {
			isa = PBXVariantGroup;
			children = (
				A85F514F26132BFD00634887 /* Base */,
			);
			name = LaunchScreen.storyboard;
			sourceTree = "<group>";
		};
/* End PBXVariantGroup section */

/* Begin XCBuildConfiguration section */
		A85F516826132BFD00634887 /* Debug */ = {
			isa = XCBuildConfiguration;
			buildSettings = {
				ALWAYS_SEARCH_USER_PATHS = NO;
				CLANG_ANALYZER_NONNULL = YES;
				CLANG_ANALYZER_NUMBER_OBJECT_CONVERSION = YES_AGGRESSIVE;
				CLANG_CXX_LANGUAGE_STANDARD = "gnu++14";
				CLANG_CXX_LIBRARY = "libc++";
				CLANG_ENABLE_MODULES = YES;
				CLANG_ENABLE_OBJC_ARC = YES;
				CLANG_ENABLE_OBJC_WEAK = YES;
				CLANG_WARN_BLOCK_CAPTURE_AUTORELEASING = YES;
				CLANG_WARN_BOOL_CONVERSION = YES;
				CLANG_WARN_COMMA = YES;
				CLANG_WARN_CONSTANT_CONVERSION = YES;
				CLANG_WARN_DEPRECATED_OBJC_IMPLEMENTATIONS = YES;
				CLANG_WARN_DIRECT_OBJC_ISA_USAGE = YES_ERROR;
				CLANG_WARN_DOCUMENTATION_COMMENTS = YES;
				CLANG_WARN_EMPTY_BODY = YES;
				CLANG_WARN_ENUM_CONVERSION = YES;
				CLANG_WARN_INFINITE_RECURSION = YES;
				CLANG_WARN_INT_CONVERSION = YES;
				CLANG_WARN_NON_LITERAL_NULL_CONVERSION = YES;
				CLANG_WARN_OBJC_IMPLICIT_RETAIN_SELF = YES;
				CLANG_WARN_OBJC_LITERAL_CONVERSION = YES;
				CLANG_WARN_OBJC_ROOT_CLASS = YES_ERROR;
				CLANG_WARN_QUOTED_INCLUDE_IN_FRAMEWORK_HEADER = YES;
				CLANG_WARN_RANGE_LOOP_ANALYSIS = YES;
				CLANG_WARN_STRICT_PROTOTYPES = YES;
				CLANG_WARN_SUSPICIOUS_MOVE = YES;
				CLANG_WARN_UNGUARDED_AVAILABILITY = YES_AGGRESSIVE;
				CLANG_WARN_UNREACHABLE_CODE = YES;
				CLANG_WARN__DUPLICATE_METHOD_MATCH = YES;
				COPY_PHASE_STRIP = NO;
				DEBUG_INFORMATION_FORMAT = dwarf;
				ENABLE_STRICT_OBJC_MSGSEND = YES;
				ENABLE_TESTABILITY = YES;
				GCC_C_LANGUAGE_STANDARD = gnu11;
				GCC_DYNAMIC_NO_PIC = NO;
				GCC_NO_COMMON_BLOCKS = YES;
				GCC_OPTIMIZATION_LEVEL = 0;
				GCC_PREPROCESSOR_DEFINITIONS = (
					"DEBUG=1",
					"$(inherited)",
				);
				GCC_WARN_64_TO_32_BIT_CONVERSION = YES;
				GCC_WARN_ABOUT_RETURN_TYPE = YES_ERROR;
				GCC_WARN_UNDECLARED_SELECTOR = YES;
				GCC_WARN_UNINITIALIZED_AUTOS = YES_AGGRESSIVE;
				GCC_WARN_UNUSED_FUNCTION = YES;
				GCC_WARN_UNUSED_VARIABLE = YES;
				IPHONEOS_DEPLOYMENT_TARGET = 14.2;
				MTL_ENABLE_DEBUG_INFO = INCLUDE_SOURCE;
				MTL_FAST_MATH = YES;
				ONLY_ACTIVE_ARCH = YES;
				SDKROOT = iphoneos;
				SWIFT_ACTIVE_COMPILATION_CONDITIONS = DEBUG;
				SWIFT_OPTIMIZATION_LEVEL = "-Onone";
			};
			name = Debug;
		};
		A85F516926132BFD00634887 /* Release */ = {
			isa = XCBuildConfiguration;
			buildSettings = {
				ALWAYS_SEARCH_USER_PATHS = NO;
				CLANG_ANALYZER_NONNULL = YES;
				CLANG_ANALYZER_NUMBER_OBJECT_CONVERSION = YES_AGGRESSIVE;
				CLANG_CXX_LANGUAGE_STANDARD = "gnu++14";
				CLANG_CXX_LIBRARY = "libc++";
				CLANG_ENABLE_MODULES = YES;
				CLANG_ENABLE_OBJC_ARC = YES;
				CLANG_ENABLE_OBJC_WEAK = YES;
				CLANG_WARN_BLOCK_CAPTURE_AUTORELEASING = YES;
				CLANG_WARN_BOOL_CONVERSION = YES;
				CLANG_WARN_COMMA = YES;
				CLANG_WARN_CONSTANT_CONVERSION = YES;
				CLANG_WARN_DEPRECATED_OBJC_IMPLEMENTATIONS = YES;
				CLANG_WARN_DIRECT_OBJC_ISA_USAGE = YES_ERROR;
				CLANG_WARN_DOCUMENTATION_COMMENTS = YES;
				CLANG_WARN_EMPTY_BODY = YES;
				CLANG_WARN_ENUM_CONVERSION = YES;
				CLANG_WARN_INFINITE_RECURSION = YES;
				CLANG_WARN_INT_CONVERSION = YES;
				CLANG_WARN_NON_LITERAL_NULL_CONVERSION = YES;
				CLANG_WARN_OBJC_IMPLICIT_RETAIN_SELF = YES;
				CLANG_WARN_OBJC_LITERAL_CONVERSION = YES;
				CLANG_WARN_OBJC_ROOT_CLASS = YES_ERROR;
				CLANG_WARN_QUOTED_INCLUDE_IN_FRAMEWORK_HEADER = YES;
				CLANG_WARN_RANGE_LOOP_ANALYSIS = YES;
				CLANG_WARN_STRICT_PROTOTYPES = YES;
				CLANG_WARN_SUSPICIOUS_MOVE = YES;
				CLANG_WARN_UNGUARDED_AVAILABILITY = YES_AGGRESSIVE;
				CLANG_WARN_UNREACHABLE_CODE = YES;
				CLANG_WARN__DUPLICATE_METHOD_MATCH = YES;
				COPY_PHASE_STRIP = NO;
				DEBUG_INFORMATION_FORMAT = "dwarf-with-dsym";
				ENABLE_NS_ASSERTIONS = NO;
				ENABLE_STRICT_OBJC_MSGSEND = YES;
				GCC_C_LANGUAGE_STANDARD = gnu11;
				GCC_NO_COMMON_BLOCKS = YES;
				GCC_WARN_64_TO_32_BIT_CONVERSION = YES;
				GCC_WARN_ABOUT_RETURN_TYPE = YES_ERROR;
				GCC_WARN_UNDECLARED_SELECTOR = YES;
				GCC_WARN_UNINITIALIZED_AUTOS = YES_AGGRESSIVE;
				GCC_WARN_UNUSED_FUNCTION = YES;
				GCC_WARN_UNUSED_VARIABLE = YES;
				IPHONEOS_DEPLOYMENT_TARGET = 14.2;
				MTL_ENABLE_DEBUG_INFO = NO;
				MTL_FAST_MATH = YES;
				SDKROOT = iphoneos;
				SWIFT_COMPILATION_MODE = wholemodule;
				SWIFT_OPTIMIZATION_LEVEL = "-O";
				VALIDATE_PRODUCT = YES;
			};
			name = Release;
		};
		A85F516B26132BFD00634887 /* Debug */ = {
			isa = XCBuildConfiguration;
			buildSettings = {
				ASSETCATALOG_COMPILER_APPICON_NAME = AppIcon;
				ASSETCATALOG_COMPILER_GLOBAL_ACCENT_COLOR_NAME = AccentColor;
				CODE_SIGN_STYLE = Automatic;
				DEVELOPMENT_TEAM = 9GDF3DQEXP;
				INFOPLIST_FILE = "Nutrition Analysis/Info.plist";
				LD_RUNPATH_SEARCH_PATHS = (
					"$(inherited)",
					"@executable_path/Frameworks",
				);
				PRODUCT_BUNDLE_IDENTIFIER = "com.banque-misr.Nutrition-Analysis";
				PRODUCT_NAME = "$(TARGET_NAME)";
				SWIFT_VERSION = 5.0;
				TARGETED_DEVICE_FAMILY = "1,2";
			};
			name = Debug;
		};
		A85F516C26132BFD00634887 /* Release */ = {
			isa = XCBuildConfiguration;
			buildSettings = {
				ASSETCATALOG_COMPILER_APPICON_NAME = AppIcon;
				ASSETCATALOG_COMPILER_GLOBAL_ACCENT_COLOR_NAME = AccentColor;
				CODE_SIGN_STYLE = Automatic;
				DEVELOPMENT_TEAM = 9GDF3DQEXP;
				INFOPLIST_FILE = "Nutrition Analysis/Info.plist";
				LD_RUNPATH_SEARCH_PATHS = (
					"$(inherited)",
					"@executable_path/Frameworks",
				);
				PRODUCT_BUNDLE_IDENTIFIER = "com.banque-misr.Nutrition-Analysis";
				PRODUCT_NAME = "$(TARGET_NAME)";
				SWIFT_VERSION = 5.0;
				TARGETED_DEVICE_FAMILY = "1,2";
			};
			name = Release;
		};
		A85F516E26132BFD00634887 /* Debug */ = {
			isa = XCBuildConfiguration;
			buildSettings = {
				ALWAYS_EMBED_SWIFT_STANDARD_LIBRARIES = YES;
				BUNDLE_LOADER = "$(TEST_HOST)";
				CODE_SIGN_STYLE = Automatic;
				DEVELOPMENT_TEAM = 9GDF3DQEXP;
				INFOPLIST_FILE = "Nutrition AnalysisTests/Info.plist";
				IPHONEOS_DEPLOYMENT_TARGET = 14.2;
				LD_RUNPATH_SEARCH_PATHS = (
					"$(inherited)",
					"@executable_path/Frameworks",
					"@loader_path/Frameworks",
				);
				PRODUCT_BUNDLE_IDENTIFIER = "com.banque-misr.Nutrition-AnalysisTests";
				PRODUCT_NAME = "$(TARGET_NAME)";
				SWIFT_VERSION = 5.0;
				TARGETED_DEVICE_FAMILY = "1,2";
				TEST_HOST = "$(BUILT_PRODUCTS_DIR)/Nutrition Analysis.app/Nutrition Analysis";
			};
			name = Debug;
		};
		A85F516F26132BFD00634887 /* Release */ = {
			isa = XCBuildConfiguration;
			buildSettings = {
				ALWAYS_EMBED_SWIFT_STANDARD_LIBRARIES = YES;
				BUNDLE_LOADER = "$(TEST_HOST)";
				CODE_SIGN_STYLE = Automatic;
				DEVELOPMENT_TEAM = 9GDF3DQEXP;
				INFOPLIST_FILE = "Nutrition AnalysisTests/Info.plist";
				IPHONEOS_DEPLOYMENT_TARGET = 14.2;
				LD_RUNPATH_SEARCH_PATHS = (
					"$(inherited)",
					"@executable_path/Frameworks",
					"@loader_path/Frameworks",
				);
				PRODUCT_BUNDLE_IDENTIFIER = "com.banque-misr.Nutrition-AnalysisTests";
				PRODUCT_NAME = "$(TARGET_NAME)";
				SWIFT_VERSION = 5.0;
				TARGETED_DEVICE_FAMILY = "1,2";
				TEST_HOST = "$(BUILT_PRODUCTS_DIR)/Nutrition Analysis.app/Nutrition Analysis";
			};
			name = Release;
		};
		A85F517126132BFD00634887 /* Debug */ = {
			isa = XCBuildConfiguration;
			buildSettings = {
				ALWAYS_EMBED_SWIFT_STANDARD_LIBRARIES = YES;
				CODE_SIGN_STYLE = Automatic;
				DEVELOPMENT_TEAM = 9GDF3DQEXP;
				INFOPLIST_FILE = "Nutrition AnalysisUITests/Info.plist";
				LD_RUNPATH_SEARCH_PATHS = (
					"$(inherited)",
					"@executable_path/Frameworks",
					"@loader_path/Frameworks",
				);
				PRODUCT_BUNDLE_IDENTIFIER = "com.banque-misr.Nutrition-AnalysisUITests";
				PRODUCT_NAME = "$(TARGET_NAME)";
				SWIFT_VERSION = 5.0;
				TARGETED_DEVICE_FAMILY = "1,2";
				TEST_TARGET_NAME = "Nutrition Analysis";
			};
			name = Debug;
		};
		A85F517226132BFD00634887 /* Release */ = {
			isa = XCBuildConfiguration;
			buildSettings = {
				ALWAYS_EMBED_SWIFT_STANDARD_LIBRARIES = YES;
				CODE_SIGN_STYLE = Automatic;
				DEVELOPMENT_TEAM = 9GDF3DQEXP;
				INFOPLIST_FILE = "Nutrition AnalysisUITests/Info.plist";
				LD_RUNPATH_SEARCH_PATHS = (
					"$(inherited)",
					"@executable_path/Frameworks",
					"@loader_path/Frameworks",
				);
				PRODUCT_BUNDLE_IDENTIFIER = "com.banque-misr.Nutrition-AnalysisUITests";
				PRODUCT_NAME = "$(TARGET_NAME)";
				SWIFT_VERSION = 5.0;
				TARGETED_DEVICE_FAMILY = "1,2";
				TEST_TARGET_NAME = "Nutrition Analysis";
			};
			name = Release;
		};
/* End XCBuildConfiguration section */

/* Begin XCConfigurationList section */
		A85F513B26132BFC00634887 /* Build configuration list for PBXProject "Nutrition Analysis" */ = {
			isa = XCConfigurationList;
			buildConfigurations = (
				A85F516826132BFD00634887 /* Debug */,
				A85F516926132BFD00634887 /* Release */,
			);
			defaultConfigurationIsVisible = 0;
			defaultConfigurationName = Release;
		};
		A85F516A26132BFD00634887 /* Build configuration list for PBXNativeTarget "Nutrition Analysis" */ = {
			isa = XCConfigurationList;
			buildConfigurations = (
				A85F516B26132BFD00634887 /* Debug */,
				A85F516C26132BFD00634887 /* Release */,
			);
			defaultConfigurationIsVisible = 0;
			defaultConfigurationName = Release;
		};
		A85F516D26132BFD00634887 /* Build configuration list for PBXNativeTarget "Nutrition AnalysisTests" */ = {
			isa = XCConfigurationList;
			buildConfigurations = (
				A85F516E26132BFD00634887 /* Debug */,
				A85F516F26132BFD00634887 /* Release */,
			);
			defaultConfigurationIsVisible = 0;
			defaultConfigurationName = Release;
		};
		A85F517026132BFD00634887 /* Build configuration list for PBXNativeTarget "Nutrition AnalysisUITests" */ = {
			isa = XCConfigurationList;
			buildConfigurations = (
				A85F517126132BFD00634887 /* Debug */,
				A85F517226132BFD00634887 /* Release */,
			);
			defaultConfigurationIsVisible = 0;
			defaultConfigurationName = Release;
		};
/* End XCConfigurationList section */

/* Begin XCRemoteSwiftPackageReference section */
		A81619F9261345B70005572A /* XCRemoteSwiftPackageReference "Alamofire" */ = {
			isa = XCRemoteSwiftPackageReference;
			repositoryURL = "https://github.com/Alamofire/Alamofire.git";
			requirement = {
				kind = upToNextMajorVersion;
				minimumVersion = 5.4.1;
			};
		};
		A81619FF261345EC0005572A /* XCRemoteSwiftPackageReference "SwiftyJSON" */ = {
			isa = XCRemoteSwiftPackageReference;
			repositoryURL = "https://github.com/SwiftyJSON/SwiftyJSON.git";
			requirement = {
				kind = upToNextMajorVersion;
				minimumVersion = 5.0.1;
			};
		};
		A8161A9D2614DD670005572A /* XCRemoteSwiftPackageReference "NVActivityIndicatorView" */ = {
			isa = XCRemoteSwiftPackageReference;
			repositoryURL = "https://github.com/ninjaprox/NVActivityIndicatorView";
			requirement = {
				kind = upToNextMajorVersion;
				minimumVersion = 5.1.1;
			};
		};
		A8161AC62618792C0005572A /* XCRemoteSwiftPackageReference "RxSwift" */ = {
			isa = XCRemoteSwiftPackageReference;
			repositoryURL = "https://github.com/ReactiveX/RxSwift.git";
			requirement = {
				kind = upToNextMajorVersion;
				minimumVersion = 6.1.0;
			};
		};
/* End XCRemoteSwiftPackageReference section */

/* Begin XCSwiftPackageProductDependency section */
		A81619FA261345B70005572A /* Alamofire */ = {
			isa = XCSwiftPackageProductDependency;
			package = A81619F9261345B70005572A /* XCRemoteSwiftPackageReference "Alamofire" */;
			productName = Alamofire;
		};
		A8161A00261345EC0005572A /* SwiftyJSON */ = {
			isa = XCSwiftPackageProductDependency;
			package = A81619FF261345EC0005572A /* XCRemoteSwiftPackageReference "SwiftyJSON" */;
			productName = SwiftyJSON;
		};
		A8161A9E2614DD670005572A /* NVActivityIndicatorView */ = {
			isa = XCSwiftPackageProductDependency;
			package = A8161A9D2614DD670005572A /* XCRemoteSwiftPackageReference "NVActivityIndicatorView" */;
			productName = NVActivityIndicatorView;
		};
		A8161AC72618792C0005572A /* RxSwift */ = {
			isa = XCSwiftPackageProductDependency;
			package = A8161AC62618792C0005572A /* XCRemoteSwiftPackageReference "RxSwift" */;
			productName = RxSwift;
		};
		A8161AC92618792C0005572A /* RxRelay */ = {
			isa = XCSwiftPackageProductDependency;
			package = A8161AC62618792C0005572A /* XCRemoteSwiftPackageReference "RxSwift" */;
			productName = RxRelay;
		};
		A8161ACB2618792C0005572A /* RxCocoa */ = {
			isa = XCSwiftPackageProductDependency;
			package = A8161AC62618792C0005572A /* XCRemoteSwiftPackageReference "RxSwift" */;
			productName = RxCocoa;
		};
/* End XCSwiftPackageProductDependency section */
	};
	rootObject = A85F513826132BFC00634887 /* Project object */;
}
