{
  "object": {
    "pins": [
      {
        "package": "Alamofire",
        "repositoryURL": "https://github.com/Alamofire/Alamofire.git",
        "state": {
          "branch": null,
          "revision": "eaf6e622dd41b07b251d8f01752eab31bc811493",
          "version": "5.4.1"
        }
      },
      {
        "package": "NVActivityIndicatorView",
        "repositoryURL": "https://github.com/ninjaprox/NVActivityIndicatorView",
        "state": {
          "branch": null,
          "revision": "bcb52371f2259254bac6690f92bb474a61768c47",
          "version": "5.1.1"
        }
      },
      {
        "package": "RxSwift",
        "repositoryURL": "https://github.com/ReactiveX/RxSwift.git",
        "state": {
          "branch": null,
          "revision": "7e01c05f25c025143073eaa3be3532f9375c614b",
          "version": "6.1.0"
        }
      },
      {
        "package": "SwiftyJSON",
        "repositoryURL": "https://github.com/SwiftyJSON/SwiftyJSON.git",
        "state": {
          "branch": null,
          "revision": "b3dcd7dbd0d488e1a7077cb33b00f2083e382f07",
          "version": "5.0.1"
        }
      }
    ]
  },
  "version": 1
}
